// !$*UTF8*$!
{
	archiveVersion = 1;
	classes = {
	};
	objectVersion = 55;
	objects = {

/* Begin PBXBuildFile section */
		5C06586128B858F400E47F3C /* TempatWisataModel.swift in Sources */ = {isa = PBXBuildFile; fileRef = 5C06586028B858F400E47F3C /* TempatWisataModel.swift */; };
		5C06586428B8595700E47F3C /* Kingfisher in Frameworks */ = {isa = PBXBuildFile; productRef = 5C06586328B8595700E47F3C /* Kingfisher */; };
		5C06586828B85BEB00E47F3C /* URLSession.swift in Sources */ = {isa = PBXBuildFile; fileRef = 5C06586728B85BEB00E47F3C /* URLSession.swift */; };
		5C06586A28B85E4900E47F3C /* ApiManager.swift in Sources */ = {isa = PBXBuildFile; fileRef = 5C06586928B85E4900E47F3C /* ApiManager.swift */; };
		5C06586C28B85E5700E47F3C /* ApiConstant.swift in Sources */ = {isa = PBXBuildFile; fileRef = 5C06586B28B85E5700E47F3C /* ApiConstant.swift */; };
		5C1608CF28B900150079BFF6 /* TempatWisataTableViewCell.swift in Sources */ = {isa = PBXBuildFile; fileRef = 5C1608CE28B900150079BFF6 /* TempatWisataTableViewCell.swift */; };
		5C1608D128B9089D0079BFF6 /* TempatWisataDetail.storyboard in Resources */ = {isa = PBXBuildFile; fileRef = 5C1608D028B9089D0079BFF6 /* TempatWisataDetail.storyboard */; };
		5C1608D328B908F90079BFF6 /* TempatWisataDetailController.swift in Sources */ = {isa = PBXBuildFile; fileRef = 5C1608D228B908F90079BFF6 /* TempatWisataDetailController.swift */; };
		5CAE111228B7A41C008D4641 /* AppDelegate.swift in Sources */ = {isa = PBXBuildFile; fileRef = 5CAE111128B7A41C008D4641 /* AppDelegate.swift */; };
		5CAE111428B7A41C008D4641 /* SceneDelegate.swift in Sources */ = {isa = PBXBuildFile; fileRef = 5CAE111328B7A41C008D4641 /* SceneDelegate.swift */; };
		5CAE111628B7A41C008D4641 /* ViewController.swift in Sources */ = {isa = PBXBuildFile; fileRef = 5CAE111528B7A41C008D4641 /* ViewController.swift */; };
		5CAE111928B7A41C008D4641 /* Main.storyboard in Resources */ = {isa = PBXBuildFile; fileRef = 5CAE111728B7A41C008D4641 /* Main.storyboard */; };
		5CAE111B28B7A420008D4641 /* Assets.xcassets in Resources */ = {isa = PBXBuildFile; fileRef = 5CAE111A28B7A420008D4641 /* Assets.xcassets */; };
		5CAE111E28B7A420008D4641 /* LaunchScreen.storyboard in Resources */ = {isa = PBXBuildFile; fileRef = 5CAE111C28B7A420008D4641 /* LaunchScreen.storyboard */; };
/* End PBXBuildFile section */

/* Begin PBXFileReference section */
		5C06586028B858F400E47F3C /* TempatWisataModel.swift */ = {isa = PBXFileReference; lastKnownFileType = sourcecode.swift; path = TempatWisataModel.swift; sourceTree = "<group>"; };
		5C06586728B85BEB00E47F3C /* URLSession.swift */ = {isa = PBXFileReference; lastKnownFileType = sourcecode.swift; path = URLSession.swift; sourceTree = "<group>"; };
		5C06586928B85E4900E47F3C /* ApiManager.swift */ = {isa = PBXFileReference; lastKnownFileType = sourcecode.swift; name = ApiManager.swift; path = DicodingBelajarMembuatAppIOS/Manager/ApiManager.swift; sourceTree = SOURCE_ROOT; };
		5C06586B28B85E5700E47F3C /* ApiConstant.swift */ = {isa = PBXFileReference; lastKnownFileType = sourcecode.swift; path = ApiConstant.swift; sourceTree = "<group>"; };
		5C1608CE28B900150079BFF6 /* TempatWisataTableViewCell.swift */ = {isa = PBXFileReference; lastKnownFileType = sourcecode.swift; path = TempatWisataTableViewCell.swift; sourceTree = "<group>"; };
		5C1608D028B9089D0079BFF6 /* TempatWisataDetail.storyboard */ = {isa = PBXFileReference; lastKnownFileType = file.storyboard; path = TempatWisataDetail.storyboard; sourceTree = "<group>"; };
		5C1608D228B908F90079BFF6 /* TempatWisataDetailController.swift */ = {isa = PBXFileReference; lastKnownFileType = sourcecode.swift; path = TempatWisataDetailController.swift; sourceTree = "<group>"; };
		5CAE110E28B7A41C008D4641 /* DicodingBelajarMembuatAppIOS.app */ = {isa = PBXFileReference; explicitFileType = wrapper.application; includeInIndex = 0; path = DicodingBelajarMembuatAppIOS.app; sourceTree = BUILT_PRODUCTS_DIR; };
		5CAE111128B7A41C008D4641 /* AppDelegate.swift */ = {isa = PBXFileReference; lastKnownFileType = sourcecode.swift; path = AppDelegate.swift; sourceTree = "<group>"; };
		5CAE111328B7A41C008D4641 /* SceneDelegate.swift */ = {isa = PBXFileReference; lastKnownFileType = sourcecode.swift; path = SceneDelegate.swift; sourceTree = "<group>"; };
		5CAE111528B7A41C008D4641 /* ViewController.swift */ = {isa = PBXFileReference; lastKnownFileType = sourcecode.swift; path = ViewController.swift; sourceTree = "<group>"; };
		5CAE111828B7A41C008D4641 /* Base */ = {isa = PBXFileReference; lastKnownFileType = file.storyboard; name = Base; path = Base.lproj/Main.storyboard; sourceTree = "<group>"; };
		5CAE111A28B7A420008D4641 /* Assets.xcassets */ = {isa = PBXFileReference; lastKnownFileType = folder.assetcatalog; path = Assets.xcassets; sourceTree = "<group>"; };
		5CAE111D28B7A420008D4641 /* Base */ = {isa = PBXFileReference; lastKnownFileType = file.storyboard; name = Base; path = Base.lproj/LaunchScreen.storyboard; sourceTree = "<group>"; };
		5CAE111F28B7A420008D4641 /* Info.plist */ = {isa = PBXFileReference; lastKnownFileType = text.plist.xml; path = Info.plist; sourceTree = "<group>"; };
/* End PBXFileReference section */

/* Begin PBXFrameworksBuildPhase section */
		5CAE110B28B7A41C008D4641 /* Frameworks */ = {
			isa = PBXFrameworksBuildPhase;
			buildActionMask = 2147483647;
			files = (
				5C06586428B8595700E47F3C /* Kingfisher in Frameworks */,
			);
			runOnlyForDeploymentPostprocessing = 0;
		};
/* End PBXFrameworksBuildPhase section */

/* Begin PBXGroup section */
		5C06585B28B8586200E47F3C /* View */ = {
			isa = PBXGroup;
			children = (
				5CAE111728B7A41C008D4641 /* Main.storyboard */,
				5C1608CE28B900150079BFF6 /* TempatWisataTableViewCell.swift */,
				5C1608D028B9089D0079BFF6 /* TempatWisataDetail.storyboard */,
			);
			path = View;
			sourceTree = "<group>";
		};
		5C06585C28B8586A00E47F3C /* Controller */ = {
			isa = PBXGroup;
			children = (
				5CAE111528B7A41C008D4641 /* ViewController.swift */,
				5C1608D228B908F90079BFF6 /* TempatWisataDetailController.swift */,
			);
			path = Controller;
			sourceTree = "<group>";
		};
		5C06585D28B8587800E47F3C /* Model */ = {
			isa = PBXGroup;
			children = (
				5C06586028B858F400E47F3C /* TempatWisataModel.swift */,
			);
			path = Model;
			sourceTree = "<group>";
		};
		5C06585E28B8588C00E47F3C /* Extension */ = {
			isa = PBXGroup;
			children = (
				5C06586728B85BEB00E47F3C /* URLSession.swift */,
			);
			path = Extension;
			sourceTree = "<group>";
		};
		5C06585F28B8589600E47F3C /* Manager */ = {
			isa = PBXGroup;
			children = (
				5C06586928B85E4900E47F3C /* ApiManager.swift */,
				5C06586B28B85E5700E47F3C /* ApiConstant.swift */,
			);
			path = Manager;
			sourceTree = "<group>";
		};
		5CAE110528B7A41C008D4641 = {
			isa = PBXGroup;
			children = (
				5CAE111028B7A41C008D4641 /* DicodingBelajarMembuatAppIOS */,
				5CAE110F28B7A41C008D4641 /* Products */,
			);
			sourceTree = "<group>";
		};
		5CAE110F28B7A41C008D4641 /* Products */ = {
			isa = PBXGroup;
			children = (
				5CAE110E28B7A41C008D4641 /* DicodingBelajarMembuatAppIOS.app */,
			);
			name = Products;
			sourceTree = "<group>";
		};
		5CAE111028B7A41C008D4641 /* DicodingBelajarMembuatAppIOS */ = {
			isa = PBXGroup;
			children = (
				5CAE111128B7A41C008D4641 /* AppDelegate.swift */,
				5CAE111328B7A41C008D4641 /* SceneDelegate.swift */,
				5C06585D28B8587800E47F3C /* Model */,
				5C06585B28B8586200E47F3C /* View */,
				5C06585C28B8586A00E47F3C /* Controller */,
				5C06585F28B8589600E47F3C /* Manager */,
				5C06585E28B8588C00E47F3C /* Extension */,
				5CAE111A28B7A420008D4641 /* Assets.xcassets */,
				5CAE111C28B7A420008D4641 /* LaunchScreen.storyboard */,
				5CAE111F28B7A420008D4641 /* Info.plist */,
			);
			path = DicodingBelajarMembuatAppIOS;
			sourceTree = "<group>";
		};
/* End PBXGroup section */

/* Begin PBXNativeTarget section */
		5CAE110D28B7A41C008D4641 /* DicodingBelajarMembuatAppIOS */ = {
			isa = PBXNativeTarget;
			buildConfigurationList = 5CAE113828B7A420008D4641 /* Build configuration list for PBXNativeTarget "DicodingBelajarMembuatAppIOS" */;
			buildPhases = (
				5CAE110A28B7A41C008D4641 /* Sources */,
				5CAE110B28B7A41C008D4641 /* Frameworks */,
				5CAE110C28B7A41C008D4641 /* Resources */,
			);
			buildRules = (
			);
			dependencies = (
			);
			name = DicodingBelajarMembuatAppIOS;
			packageProductDependencies = (
				5C06586328B8595700E47F3C /* Kingfisher */,
			);
			productName = DicodingBelajarMembuatAppIOS;
			productReference = 5CAE110E28B7A41C008D4641 /* DicodingBelajarMembuatAppIOS.app */;
			productType = "com.apple.product-type.application";
		};
/* End PBXNativeTarget section */

/* Begin PBXProject section */
		5CAE110628B7A41C008D4641 /* Project object */ = {
			isa = PBXProject;
			attributes = {
				BuildIndependentTargetsInParallel = 1;
				LastSwiftUpdateCheck = 1340;
				LastUpgradeCheck = 1340;
				TargetAttributes = {
					5CAE110D28B7A41C008D4641 = {
						CreatedOnToolsVersion = 13.4.1;
					};
				};
			};
			buildConfigurationList = 5CAE110928B7A41C008D4641 /* Build configuration list for PBXProject "DicodingBelajarMembuatAppIOS" */;
			compatibilityVersion = "Xcode 13.0";
			developmentRegion = en;
			hasScannedForEncodings = 0;
			knownRegions = (
				en,
				Base,
			);
			mainGroup = 5CAE110528B7A41C008D4641;
			packageReferences = (
				5C06586228B8595700E47F3C /* XCRemoteSwiftPackageReference "Kingfisher" */,
			);
			productRefGroup = 5CAE110F28B7A41C008D4641 /* Products */;
			projectDirPath = "";
			projectRoot = "";
			targets = (
				5CAE110D28B7A41C008D4641 /* DicodingBelajarMembuatAppIOS */,
			);
		};
/* End PBXProject section */

/* Begin PBXResourcesBuildPhase section */
		5CAE110C28B7A41C008D4641 /* Resources */ = {
			isa = PBXResourcesBuildPhase;
			buildActionMask = 2147483647;
			files = (
				5CAE111E28B7A420008D4641 /* LaunchScreen.storyboard in Resources */,
				5CAE111B28B7A420008D4641 /* Assets.xcassets in Resources */,
				5CAE111928B7A41C008D4641 /* Main.storyboard in Resources */,
				5C1608D128B9089D0079BFF6 /* TempatWisataDetail.storyboard in Resources */,
			);
			runOnlyForDeploymentPostprocessing = 0;
		};
/* End PBXResourcesBuildPhase section */

/* Begin PBXSourcesBuildPhase section */
		5CAE110A28B7A41C008D4641 /* Sources */ = {
			isa = PBXSourcesBuildPhase;
			buildActionMask = 2147483647;
			files = (
				5CAE111628B7A41C008D4641 /* ViewController.swift in Sources */,
				5C1608CF28B900150079BFF6 /* TempatWisataTableViewCell.swift in Sources */,
				5C06586C28B85E5700E47F3C /* ApiConstant.swift in Sources */,
				5C06586128B858F400E47F3C /* TempatWisataModel.swift in Sources */,
				5C06586828B85BEB00E47F3C /* URLSession.swift in Sources */,
				5CAE111228B7A41C008D4641 /* AppDelegate.swift in Sources */,
				5C06586A28B85E4900E47F3C /* ApiManager.swift in Sources */,
				5C1608D328B908F90079BFF6 /* TempatWisataDetailController.swift in Sources */,
				5CAE111428B7A41C008D4641 /* SceneDelegate.swift in Sources */,
			);
			runOnlyForDeploymentPostprocessing = 0;
		};
/* End PBXSourcesBuildPhase section */

/* Begin PBXVariantGroup section */
		5CAE111728B7A41C008D4641 /* Main.storyboard */ = {
			isa = PBXVariantGroup;
			children = (
				5CAE111828B7A41C008D4641 /* Base */,
			);
			name = Main.storyboard;
			sourceTree = "<group>";
		};
		5CAE111C28B7A420008D4641 /* LaunchScreen.storyboard */ = {
			isa = PBXVariantGroup;
			children = (
				5CAE111D28B7A420008D4641 /* Base */,
			);
			name = LaunchScreen.storyboard;
			sourceTree = "<group>";
		};
/* End PBXVariantGroup section */

/* Begin XCBuildConfiguration section */
		5CAE113628B7A420008D4641 /* Debug */ = {
			isa = XCBuildConfiguration;
			buildSettings = {
				ALWAYS_SEARCH_USER_PATHS = NO;
				CLANG_ANALYZER_NONNULL = YES;
				CLANG_ANALYZER_NUMBER_OBJECT_CONVERSION = YES_AGGRESSIVE;
				CLANG_CXX_LANGUAGE_STANDARD = "gnu++17";
				CLANG_ENABLE_MODULES = YES;
				CLANG_ENABLE_OBJC_ARC = YES;
				CLANG_ENABLE_OBJC_WEAK = YES;
				CLANG_WARN_BLOCK_CAPTURE_AUTORELEASING = YES;
				CLANG_WARN_BOOL_CONVERSION = YES;
				CLANG_WARN_COMMA = YES;
				CLANG_WARN_CONSTANT_CONVERSION = YES;
				CLANG_WARN_DEPRECATED_OBJC_IMPLEMENTATIONS = YES;
				CLANG_WARN_DIRECT_OBJC_ISA_USAGE = YES_ERROR;
				CLANG_WARN_DOCUMENTATION_COMMENTS = YES;
				CLANG_WARN_EMPTY_BODY = YES;
				CLANG_WARN_ENUM_CONVERSION = YES;
				CLANG_WARN_INFINITE_RECURSION = YES;
				CLANG_WARN_INT_CONVERSION = YES;
				CLANG_WARN_NON_LITERAL_NULL_CONVERSION = YES;
				CLANG_WARN_OBJC_IMPLICIT_RETAIN_SELF = YES;
				CLANG_WARN_OBJC_LITERAL_CONVERSION = YES;
				CLANG_WARN_OBJC_ROOT_CLASS = YES_ERROR;
				CLANG_WARN_QUOTED_INCLUDE_IN_FRAMEWORK_HEADER = YES;
				CLANG_WARN_RANGE_LOOP_ANALYSIS = YES;
				CLANG_WARN_STRICT_PROTOTYPES = YES;
				CLANG_WARN_SUSPICIOUS_MOVE = YES;
				CLANG_WARN_UNGUARDED_AVAILABILITY = YES_AGGRESSIVE;
				CLANG_WARN_UNREACHABLE_CODE = YES;
				CLANG_WARN__DUPLICATE_METHOD_MATCH = YES;
				COPY_PHASE_STRIP = NO;
				DEBUG_INFORMATION_FORMAT = dwarf;
				ENABLE_STRICT_OBJC_MSGSEND = YES;
				ENABLE_TESTABILITY = YES;
				GCC_C_LANGUAGE_STANDARD = gnu11;
				GCC_DYNAMIC_NO_PIC = NO;
				GCC_NO_COMMON_BLOCKS = YES;
				GCC_OPTIMIZATION_LEVEL = 0;
				GCC_PREPROCESSOR_DEFINITIONS = (
					"DEBUG=1",
					"$(inherited)",
				);
				GCC_WARN_64_TO_32_BIT_CONVERSION = YES;
				GCC_WARN_ABOUT_RETURN_TYPE = YES_ERROR;
				GCC_WARN_UNDECLARED_SELECTOR = YES;
				GCC_WARN_UNINITIALIZED_AUTOS = YES_AGGRESSIVE;
				GCC_WARN_UNUSED_FUNCTION = YES;
				GCC_WARN_UNUSED_VARIABLE = YES;
				IPHONEOS_DEPLOYMENT_TARGET = 15.5;
				MTL_ENABLE_DEBUG_INFO = INCLUDE_SOURCE;
				MTL_FAST_MATH = YES;
				ONLY_ACTIVE_ARCH = YES;
				SDKROOT = iphoneos;
				SWIFT_ACTIVE_COMPILATION_CONDITIONS = DEBUG;
				SWIFT_OPTIMIZATION_LEVEL = "-Onone";
			};
			name = Debug;
		};
		5CAE113728B7A420008D4641 /* Release */ = {
			isa = XCBuildConfiguration;
			buildSettings = {
				ALWAYS_SEARCH_USER_PATHS = NO;
				CLANG_ANALYZER_NONNULL = YES;
				CLANG_ANALYZER_NUMBER_OBJECT_CONVERSION = YES_AGGRESSIVE;
				CLANG_CXX_LANGUAGE_STANDARD = "gnu++17";
				CLANG_ENABLE_MODULES = YES;
				CLANG_ENABLE_OBJC_ARC = YES;
				CLANG_ENABLE_OBJC_WEAK = YES;
				CLANG_WARN_BLOCK_CAPTURE_AUTORELEASING = YES;
				CLANG_WARN_BOOL_CONVERSION = YES;
				CLANG_WARN_COMMA = YES;
				CLANG_WARN_CONSTANT_CONVERSION = YES;
				CLANG_WARN_DEPRECATED_OBJC_IMPLEMENTATIONS = YES;
				CLANG_WARN_DIRECT_OBJC_ISA_USAGE = YES_ERROR;
				CLANG_WARN_DOCUMENTATION_COMMENTS = YES;
				CLANG_WARN_EMPTY_BODY = YES;
				CLANG_WARN_ENUM_CONVERSION = YES;
				CLANG_WARN_INFINITE_RECURSION = YES;
				CLANG_WARN_INT_CONVERSION = YES;
				CLANG_WARN_NON_LITERAL_NULL_CONVERSION = YES;
				CLANG_WARN_OBJC_IMPLICIT_RETAIN_SELF = YES;
				CLANG_WARN_OBJC_LITERAL_CONVERSION = YES;
				CLANG_WARN_OBJC_ROOT_CLASS = YES_ERROR;
				CLANG_WARN_QUOTED_INCLUDE_IN_FRAMEWORK_HEADER = YES;
				CLANG_WARN_RANGE_LOOP_ANALYSIS = YES;
				CLANG_WARN_STRICT_PROTOTYPES = YES;
				CLANG_WARN_SUSPICIOUS_MOVE = YES;
				CLANG_WARN_UNGUARDED_AVAILABILITY = YES_AGGRESSIVE;
				CLANG_WARN_UNREACHABLE_CODE = YES;
				CLANG_WARN__DUPLICATE_METHOD_MATCH = YES;
				COPY_PHASE_STRIP = NO;
				DEBUG_INFORMATION_FORMAT = "dwarf-with-dsym";
				ENABLE_NS_ASSERTIONS = NO;
				ENABLE_STRICT_OBJC_MSGSEND = YES;
				GCC_C_LANGUAGE_STANDARD = gnu11;
				GCC_NO_COMMON_BLOCKS = YES;
				GCC_WARN_64_TO_32_BIT_CONVERSION = YES;
				GCC_WARN_ABOUT_RETURN_TYPE = YES_ERROR;
				GCC_WARN_UNDECLARED_SELECTOR = YES;
				GCC_WARN_UNINITIALIZED_AUTOS = YES_AGGRESSIVE;
				GCC_WARN_UNUSED_FUNCTION = YES;
				GCC_WARN_UNUSED_VARIABLE = YES;
				IPHONEOS_DEPLOYMENT_TARGET = 15.5;
				MTL_ENABLE_DEBUG_INFO = NO;
				MTL_FAST_MATH = YES;
				SDKROOT = iphoneos;
				SWIFT_COMPILATION_MODE = wholemodule;
				SWIFT_OPTIMIZATION_LEVEL = "-O";
				VALIDATE_PRODUCT = YES;
			};
			name = Release;
		};
		5CAE113928B7A420008D4641 /* Debug */ = {
			isa = XCBuildConfiguration;
			buildSettings = {
				ASSETCATALOG_COMPILER_APPICON_NAME = AppIcon;
				ASSETCATALOG_COMPILER_GLOBAL_ACCENT_COLOR_NAME = AccentColor;
				CODE_SIGN_STYLE = Automatic;
				CURRENT_PROJECT_VERSION = 1;
				DEVELOPMENT_TEAM = 52727RY679;
				GENERATE_INFOPLIST_FILE = YES;
				INFOPLIST_FILE = DicodingBelajarMembuatAppIOS/Info.plist;
				INFOPLIST_KEY_UIApplicationSupportsIndirectInputEvents = YES;
				INFOPLIST_KEY_UILaunchStoryboardName = LaunchScreen;
				INFOPLIST_KEY_UIMainStoryboardFile = Main;
				INFOPLIST_KEY_UISupportedInterfaceOrientations_iPad = "UIInterfaceOrientationPortrait UIInterfaceOrientationPortraitUpsideDown UIInterfaceOrientationLandscapeLeft UIInterfaceOrientationLandscapeRight";
				INFOPLIST_KEY_UISupportedInterfaceOrientations_iPhone = "UIInterfaceOrientationPortrait UIInterfaceOrientationLandscapeLeft UIInterfaceOrientationLandscapeRight";
				LD_RUNPATH_SEARCH_PATHS = (
					"$(inherited)",
					"@executable_path/Frameworks",
				);
				MARKETING_VERSION = 1.0;
				PRODUCT_BUNDLE_IDENTIFIER = com.nur.DicodingBelajarMembuatAppIOS;
				PRODUCT_NAME = "$(TARGET_NAME)";
				SWIFT_EMIT_LOC_STRINGS = YES;
				SWIFT_VERSION = 5.0;
				TARGETED_DEVICE_FAMILY = "1,2";
			};
			name = Debug;
		};
		5CAE113A28B7A420008D4641 /* Release */ = {
			isa = XCBuildConfiguration;
			buildSettings = {
				ASSETCATALOG_COMPILER_APPICON_NAME = AppIcon;
				ASSETCATALOG_COMPILER_GLOBAL_ACCENT_COLOR_NAME = AccentColor;
				CODE_SIGN_STYLE = Automatic;
				CURRENT_PROJECT_VERSION = 1;
				DEVELOPMENT_TEAM = 52727RY679;
				GENERATE_INFOPLIST_FILE = YES;
				INFOPLIST_FILE = DicodingBelajarMembuatAppIOS/Info.plist;
				INFOPLIST_KEY_UIApplicationSupportsIndirectInputEvents = YES;
				INFOPLIST_KEY_UILaunchStoryboardName = LaunchScreen;
				INFOPLIST_KEY_UIMainStoryboardFile = Main;
				INFOPLIST_KEY_UISupportedInterfaceOrientations_iPad = "UIInterfaceOrientationPortrait UIInterfaceOrientationPortraitUpsideDown UIInterfaceOrientationLandscapeLeft UIInterfaceOrientationLandscapeRight";
				INFOPLIST_KEY_UISupportedInterfaceOrientations_iPhone = "UIInterfaceOrientationPortrait UIInterfaceOrientationLandscapeLeft UIInterfaceOrientationLandscapeRight";
				LD_RUNPATH_SEARCH_PATHS = (
					"$(inherited)",
					"@executable_path/Frameworks",
				);
				MARKETING_VERSION = 1.0;
				PRODUCT_BUNDLE_IDENTIFIER = com.nur.DicodingBelajarMembuatAppIOS;
				PRODUCT_NAME = "$(TARGET_NAME)";
				SWIFT_EMIT_LOC_STRINGS = YES;
				SWIFT_VERSION = 5.0;
				TARGETED_DEVICE_FAMILY = "1,2";
			};
			name = Release;
		};
/* End XCBuildConfiguration section */

/* Begin XCConfigurationList section */
		5CAE110928B7A41C008D4641 /* Build configuration list for PBXProject "DicodingBelajarMembuatAppIOS" */ = {
			isa = XCConfigurationList;
			buildConfigurations = (
				5CAE113628B7A420008D4641 /* Debug */,
				5CAE113728B7A420008D4641 /* Release */,
			);
			defaultConfigurationIsVisible = 0;
			defaultConfigurationName = Release;
		};
		5CAE113828B7A420008D4641 /* Build configuration list for PBXNativeTarget "DicodingBelajarMembuatAppIOS" */ = {
			isa = XCConfigurationList;
			buildConfigurations = (
				5CAE113928B7A420008D4641 /* Debug */,
				5CAE113A28B7A420008D4641 /* Release */,
			);
			defaultConfigurationIsVisible = 0;
			defaultConfigurationName = Release;
		};
/* End XCConfigurationList section */

/* Begin XCRemoteSwiftPackageReference section */
		5C06586228B8595700E47F3C /* XCRemoteSwiftPackageReference "Kingfisher" */ = {
			isa = XCRemoteSwiftPackageReference;
			repositoryURL = "https://github.com/onevcat/Kingfisher.git";
			requirement = {
				kind = upToNextMajorVersion;
				minimumVersion = 7.0.0;
			};
		};
/* End XCRemoteSwiftPackageReference section */

/* Begin XCSwiftPackageProductDependency section */
		5C06586328B8595700E47F3C /* Kingfisher */ = {
			isa = XCSwiftPackageProductDependency;
			package = 5C06586228B8595700E47F3C /* XCRemoteSwiftPackageReference "Kingfisher" */;
			productName = Kingfisher;
		};
/* End XCSwiftPackageProductDependency section */
	};
	rootObject = 5CAE110628B7A41C008D4641 /* Project object */;
}
